
Microsoft Visual Studio Solution File, Format Version 12.00
# Visual Studio Version 17
VisualStudioVersion = 17.4.33122.133
MinimumVisualStudioVersion = 10.0.40219.1
Project("{FAE04EC0-301F-11D3-BF4B-00C04F79EFBC}") = "PizzaForm", "PizzaForm\PizzaForm.csproj", "{39FE2B44-0A2B-4B97-A6EC-E63479EF0FA1}"
EndProject
Global
	GlobalSection(SolutionConfigurationPlatforms) = preSolution
		Debug|Any CPU = Debug|Any CPU
		Release|Any CPU = Release|Any CPU
	EndGlobalSection
	GlobalSection(ProjectConfigurationPlatforms) = postSolution
		{39FE2B44-0A2B-4B97-A6EC-E63479EF0FA1}.Debug|Any CPU.ActiveCfg = Debug|Any CPU
		{39FE2B44-0A2B-4B97-A6EC-E63479EF0FA1}.Debug|Any CPU.Build.0 = Debug|Any CPU
		{39FE2B44-0A2B-4B97-A6EC-E63479EF0FA1}.Release|Any CPU.ActiveCfg = Release|Any CPU
		{39FE2B44-0A2B-4B97-A6EC-E63479EF0FA1}.Release|Any CPU.Build.0 = Release|Any CPU
	EndGlobalSection
	GlobalSection(SolutionProperties) = preSolution
		HideSolutionNode = FALSE
	EndGlobalSection
	GlobalSection(ExtensibilityGlobals) = postSolution
		SolutionGuid = {BC1FF4D6-88C1-45DD-A924-17A808445E2F}
	EndGlobalSection
EndGlobal
